
Microsoft Visual Studio Solution File, Format Version 12.00
# Visual Studio Version 16
VisualStudioVersion = 16.0.30717.126
MinimumVisualStudioVersion = 10.0.40219.1
Project("{FAE04EC0-301F-11D3-BF4B-00C04F79EFBC}") = "HttpReports.Web", "HttpReports.Web\HttpReports.Web.csproj", "{80585D34-9EA0-4619-94EC-D411ACCF9028}"
EndProject
Global
	GlobalSection(SolutionConfigurationPlatforms) = preSolution
		Debug|Any CPU = Debug|Any CPU
		Release|Any CPU = Release|Any CPU
	EndGlobalSection
	GlobalSection(ProjectConfigurationPlatforms) = postSolution
		{80585D34-9EA0-4619-94EC-D411ACCF9028}.Debug|Any CPU.ActiveCfg = Debug|Any CPU
		{80585D34-9EA0-4619-94EC-D411ACCF9028}.Debug|Any CPU.Build.0 = Debug|Any CPU
		{80585D34-9EA0-4619-94EC-D411ACCF9028}.Release|Any CPU.ActiveCfg = Release|Any CPU
		{80585D34-9EA0-4619-94EC-D411ACCF9028}.Release|Any CPU.Build.0 = Release|Any CPU
	EndGlobalSection
	GlobalSection(SolutionProperties) = preSolution
		HideSolutionNode = FALSE
	EndGlobalSection
	GlobalSection(ExtensibilityGlobals) = postSolution
		SolutionGuid = {794670A5-EF90-48B2-8557-81A828B6CDDA}
	EndGlobalSection
EndGlobal
